<?xml version="1.0" encoding="UTF-8" standalone="yes" ?>
<CodeBlocks_project_file>
	<FileVersion major="1" minor="6" />
	<Project>
		<Option title="DungeonWanderer" />
		<Option pch_mode="2" />
		<Option compiler="gcc" />
		<Build>
			<Target title="Debug">
				<Option output="bin/Debug/DungeonWanderer" prefix_auto="1" extension_auto="1" />
				<Option working_dir="bin/Debug" />
				<Option object_output="obj/Debug/" />
				<Option type="1" />
				<Option compiler="gcc" />
				<Compiler>
					<Add option="-g" />
					<Add directory="hge181/include" />
				</Compiler>
				<Linker>
					<Add directory="hge181/include" />
				</Linker>
			</Target>
			<Target title="Release">
				<Option output="bin/Release/DungeonWanderer" prefix_auto="1" extension_auto="1" />
				<Option working_dir="bin/Release/" />
				<Option object_output="obj/Release/" />
				<Option type="0" />
				<Option compiler="gcc" />
				<Compiler>
					<Add option="-O2" />
				</Compiler>
				<Linker>
					<Add option="-s" />
				</Linker>
			</Target>
		</Build>
		<Compiler>
			<Add option="-Wall" />
			<Add option="-fexceptions" />
			<Add directory="hge181/include" />
		</Compiler>
		<Linker>
			<Add library="hge181\lib\gcc\libhge.a" />
			<Add library="comdlg32" />
		</Linker>
		<Unit filename="hgefont.cpp" />
		<Unit filename="hgerect.cpp" />
		<Unit filename="hgesprite.cpp" />
		<Unit filename="main.cpp" />
		<Unit filename="resource.h" />
		<Unit filename="resource.rc">
			<Option compilerVar="WINDRES" />
		</Unit>
		<Unit filename="theta.ico" />
		<Unit filename="tinyxml/tinystr.cpp" />
		<Unit filename="tinyxml/tinyxml.cpp" />
		<Unit filename="tinyxml/tinyxmlerror.cpp" />
		<Unit filename="tinyxml/tinyxmlparser.cpp" />
		<Extensions>
			<code_completion />
			<envvars />
			<debugger />
			<lib_finder disable_auto="1" />
		</Extensions>
	</Project>
</CodeBlocks_project_file>
